
Microsoft Visual Studio Solution File, Format Version 12.00
# Visual Studio Version 17
VisualStudioVersion = 17.3.32804.467
MinimumVisualStudioVersion = 10.0.40219.1
Project("{FAE04EC0-301F-11D3-BF4B-00C04F79EFBC}") = "HelloWorld", "HelloWorld\HelloWorld.csproj", "{931A5DDF-4F0C-49F9-A52B-B8B10DA3093E}"
EndProject
Global
	GlobalSection(SolutionConfigurationPlatforms) = preSolution
		Debug|Any CPU = Debug|Any CPU
		Release|Any CPU = Release|Any CPU
	EndGlobalSection
	GlobalSection(ProjectConfigurationPlatforms) = postSolution
		{931A5DDF-4F0C-49F9-A52B-B8B10DA3093E}.Debug|Any CPU.ActiveCfg = Debug|Any CPU
		{931A5DDF-4F0C-49F9-A52B-B8B10DA3093E}.Debug|Any CPU.Build.0 = Debug|Any CPU
		{931A5DDF-4F0C-49F9-A52B-B8B10DA3093E}.Release|Any CPU.ActiveCfg = Release|Any CPU
		{931A5DDF-4F0C-49F9-A52B-B8B10DA3093E}.Release|Any CPU.Build.0 = Release|Any CPU
	EndGlobalSection
	GlobalSection(SolutionProperties) = preSolution
		HideSolutionNode = FALSE
	EndGlobalSection
	GlobalSection(ExtensibilityGlobals) = postSolution
		SolutionGuid = {A84DF173-FC2F-4323-9D3A-6C33C93DB0D3}
	EndGlobalSection
EndGlobal
